
Microsoft Visual Studio Solution File, Format Version 12.00
# Visual Studio Version 16
VisualStudioVersion = 16.0.30114.105
MinimumVisualStudioVersion = 10.0.40219.1
Project("{00D1A9C2-B5F0-4AF3-8072-F6C62B433612}") = "Czf.Database.Radiocom", "Czf.Database.Radiocom\Czf.Database.Radiocom.sqlproj", "{37EB4F95-17C1-4633-93E0-E1C13C5B5E6D}"
EndProject
Global
	GlobalSection(SolutionConfigurationPlatforms) = preSolution
		Debug|Any CPU = Debug|Any CPU
		Release|Any CPU = Release|Any CPU
	EndGlobalSection
	GlobalSection(ProjectConfigurationPlatforms) = postSolution
		{37EB4F95-17C1-4633-93E0-E1C13C5B5E6D}.Debug|Any CPU.ActiveCfg = Debug|Any CPU
		{37EB4F95-17C1-4633-93E0-E1C13C5B5E6D}.Debug|Any CPU.Build.0 = Debug|Any CPU
		{37EB4F95-17C1-4633-93E0-E1C13C5B5E6D}.Debug|Any CPU.Deploy.0 = Debug|Any CPU
		{37EB4F95-17C1-4633-93E0-E1C13C5B5E6D}.Release|Any CPU.ActiveCfg = Release|Any CPU
		{37EB4F95-17C1-4633-93E0-E1C13C5B5E6D}.Release|Any CPU.Build.0 = Release|Any CPU
		{37EB4F95-17C1-4633-93E0-E1C13C5B5E6D}.Release|Any CPU.Deploy.0 = Release|Any CPU
	EndGlobalSection
	GlobalSection(SolutionProperties) = preSolution
		HideSolutionNode = FALSE
	EndGlobalSection
	GlobalSection(ExtensibilityGlobals) = postSolution
		SolutionGuid = {B4D64E2C-B2EF-4CAB-BE00-74070ACD8754}
	EndGlobalSection
EndGlobal
